// !$*UTF8*$!
{
	archiveVersion = 1;
	classes = {
	};
	objectVersion = 110;
	objects = {

/* Begin PBXBuildFile section */
		BAFACCB63006AD9500771E11 /* AppDelegate.swift in Sources */ = {isa = PBXBuildFile; fileRef = BAFACCB53006AD9500771E11 /* AppDelegate.swift */; };
		BAFACCBA3006AD9500771E11 /* Main.html in Resources */ = {isa = PBXBuildFile; fileRef = BAFACCB83006AD9500771E11 /* Main.html */; };
		BAFACCBC3006AD9500771E11 /* Icon.png in Resources */ = {isa = PBXBuildFile; fileRef = BAFACCBB3006AD9500771E11 /* Icon.png */; };
		BAFACCBE3006AD9500771E11 /* Style.css in Resources */ = {isa = PBXBuildFile; fileRef = BAFACCBD3006AD9500771E11 /* Style.css */; };
		BAFACCC03006AD9500771E11 /* Script.js in Resources */ = {isa = PBXBuildFile; fileRef = BAFACCBF3006AD9500771E11 /* Script.js */; };
		BAFACCC23006AD9500771E11 /* ViewController.swift in Sources */ = {isa = PBXBuildFile; fileRef = BAFACCC13006AD9500771E11 /* ViewController.swift */; };
		BAFACCC53006AD9500771E11 /* Main.storyboard in Resources */ = {isa = PBXBuildFile; fileRef = BAFACCC33006AD9500771E11 /* Main.storyboard */; };
		BAFACCC73006AD9600771E11 /* Assets.xcassets in Resources */ = {isa = PBXBuildFile; fileRef = BAFACCC63006AD9600771E11 /* Assets.xcassets */; };
		BAFACCCE3006AD9700771E11 /* Pulse Extension.appex in Embed Foundation Extensions */ = {isa = PBXBuildFile; fileRef = BAFACCCD3006AD9700771E11 /* Pulse Extension.appex */; settings = {ATTRIBUTES = (RemoveHeadersOnCopy, ); }; };
		BAFACCD33006AD9700771E11 /* SafariWebExtensionHandler.swift in Sources */ = {isa = PBXBuildFile; fileRef = BAFACCD23006AD9700771E11 /* SafariWebExtensionHandler.swift */; };
		BAFACCE13006AD9700771E11 /* index.html in Resources */ = {isa = PBXBuildFile; fileRef = BAFACCDF3006AD9700771E11 /* index.html */; };
		BAFACCE23006AD9700771E11 /* manifest.json in Resources */ = {isa = PBXBuildFile; fileRef = BAFACCE03006AD9700771E11 /* manifest.json */; };
		BAPULSE013006AD9700771E11 /* app.js in Resources */ = {isa = PBXBuildFile; fileRef = BAPULSE033006AD9700771E11 /* app.js */; };
		BAPULSE023006AD9700771E11 /* app.css in Resources */ = {isa = PBXBuildFile; fileRef = BAPULSE043006AD9700771E11 /* app.css */; };
		BAPULSE053006AD9700771E11 /* icons in Resources */ = {isa = PBXBuildFile; fileRef = BAPULSE093006AD9700771E11 /* icons */; };
/* End PBXBuildFile section */

/* Begin PBXContainerItemProxy section */
		BAFACCCF3006AD9700771E11 /* PBXContainerItemProxy */ = {
			isa = PBXContainerItemProxy;
			containerPortal = BAFACCAA3006AD9500771E11 /* Project object */;
			proxyType = 1;
			remoteGlobalIDString = BAFACCCC3006AD9700771E11;
			remoteInfo = "Pulse Extension";
		};
/* End PBXContainerItemProxy section */

/* Begin PBXCopyFilesBuildPhase section */
		BAFACCDA3006AD9700771E11 /* Embed Foundation Extensions */ = {
			isa = PBXCopyFilesBuildPhase;
			dstPath = "";
			dstSubfolder = PlugIns;
			files = (
				BAFACCCE3006AD9700771E11 /* Pulse Extension.appex in Embed Foundation Extensions */,
			);
			name = "Embed Foundation Extensions";
		};
/* End PBXCopyFilesBuildPhase section */

/* Begin PBXFileReference section */
		BAFACCB23006AD9500771E11 /* Pulse.app */ = {isa = PBXFileReference; explicitFileType = wrapper.application; includeInIndex = 0; path = Pulse.app; sourceTree = BUILT_PRODUCTS_DIR; };
		BAFACCB53006AD9500771E11 /* AppDelegate.swift */ = {isa = PBXFileReference; lastKnownFileType = sourcecode.swift; path = AppDelegate.swift; sourceTree = "<group>"; };
		BAFACCB93006AD9500771E11 /* Base */ = {isa = PBXFileReference; lastKnownFileType = text.html; name = Base; path = Base.lproj/Main.html; sourceTree = "<group>"; };
		BAFACCBB3006AD9500771E11 /* Icon.png */ = {isa = PBXFileReference; lastKnownFileType = image.png; path = Icon.png; sourceTree = "<group>"; };
		BAFACCBD3006AD9500771E11 /* Style.css */ = {isa = PBXFileReference; lastKnownFileType = text.css; path = Style.css; sourceTree = "<group>"; };
		BAFACCBF3006AD9500771E11 /* Script.js */ = {isa = PBXFileReference; lastKnownFileType = sourcecode.javascript; path = Script.js; sourceTree = "<group>"; };
		BAFACCC13006AD9500771E11 /* ViewController.swift */ = {isa = PBXFileReference; lastKnownFileType = sourcecode.swift; path = ViewController.swift; sourceTree = "<group>"; };
		BAFACCC43006AD9500771E11 /* Base */ = {isa = PBXFileReference; lastKnownFileType = file.storyboard; name = Base; path = Base.lproj/Main.storyboard; sourceTree = "<group>"; };
		BAFACCC63006AD9600771E11 /* Assets.xcassets */ = {isa = PBXFileReference; lastKnownFileType = folder.assetcatalog; path = Assets.xcassets; sourceTree = "<group>"; };
		BAFACCC83006AD9600771E11 /* Info.plist */ = {isa = PBXFileReference; lastKnownFileType = text.plist.xml; path = Info.plist; sourceTree = "<group>"; };
		BAFACCCD3006AD9700771E11 /* Pulse Extension.appex */ = {isa = PBXFileReference; explicitFileType = "wrapper.app-extension"; includeInIndex = 0; path = "Pulse Extension.appex"; sourceTree = BUILT_PRODUCTS_DIR; };
		BAFACCD23006AD9700771E11 /* SafariWebExtensionHandler.swift */ = {isa = PBXFileReference; lastKnownFileType = sourcecode.swift; path = SafariWebExtensionHandler.swift; sourceTree = "<group>"; };
		BAFACCD43006AD9700771E11 /* Info.plist */ = {isa = PBXFileReference; lastKnownFileType = text.plist.xml; path = Info.plist; sourceTree = "<group>"; };
		BAFACCDF3006AD9700771E11 /* index.html */ = {isa = PBXFileReference; lastKnownFileType = text.html; name = index.html; path = Resources/index.html; sourceTree = "<group>"; };
		BAFACCE03006AD9700771E11 /* manifest.json */ = {isa = PBXFileReference; lastKnownFileType = text.json; name = manifest.json; path = Resources/manifest.json; sourceTree = "<group>"; };
		BAPULSE033006AD9700771E11 /* app.js */ = {isa = PBXFileReference; lastKnownFileType = sourcecode.javascript; name = app.js; path = Resources/app.js; sourceTree = "<group>"; };
		BAPULSE043006AD9700771E11 /* app.css */ = {isa = PBXFileReference; lastKnownFileType = text.css; name = app.css; path = Resources/app.css; sourceTree = "<group>"; };
		BAPULSE093006AD9700771E11 /* icons */ = {isa = PBXFileReference; explicitFileType = folder; name = icons; path = Resources/icons; sourceTree = "<group>"; };
/* End PBXFileReference section */

/* Begin PBXFrameworksBuildPhase section */
		BAFACCAF3006AD9500771E11 /* Frameworks */ = {
			isa = PBXFrameworksBuildPhase;
			files = (
			);
		};
		BAFACCCA3006AD9700771E11 /* Frameworks */ = {
			isa = PBXFrameworksBuildPhase;
			files = (
			);
		};
/* End PBXFrameworksBuildPhase section */

/* Begin PBXGroup section */
		BAFACCA93006AD9500771E11 = {
			isa = PBXGroup;
			children = (
				BAFACCB43006AD9500771E11 /* Pulse */,
				BAFACCD13006AD9700771E11 /* Pulse Extension */,
				BAFACCB33006AD9500771E11 /* Products */,
			);
			sourceTree = "<group>";
		};
		BAFACCB33006AD9500771E11 /* Products */ = {
			isa = PBXGroup;
			children = (
				BAFACCB23006AD9500771E11 /* Pulse.app */,
				BAFACCCD3006AD9700771E11 /* Pulse Extension.appex */,
			);
			name = Products;
			sourceTree = "<group>";
		};
		BAFACCB43006AD9500771E11 /* Pulse */ = {
			isa = PBXGroup;
			children = (
				BAFACCB53006AD9500771E11 /* AppDelegate.swift */,
				BAFACCC13006AD9500771E11 /* ViewController.swift */,
				BAFACCC33006AD9500771E11 /* Main.storyboard */,
				BAFACCC63006AD9600771E11 /* Assets.xcassets */,
				BAFACCC83006AD9600771E11 /* Info.plist */,
				BAFACCB73006AD9500771E11 /* Resources */,
			);
			path = Pulse;
			sourceTree = "<group>";
		};
		BAFACCB73006AD9500771E11 /* Resources */ = {
			isa = PBXGroup;
			children = (
				BAFACCB83006AD9500771E11 /* Main.html */,
				BAFACCBB3006AD9500771E11 /* Icon.png */,
				BAFACCBD3006AD9500771E11 /* Style.css */,
				BAFACCBF3006AD9500771E11 /* Script.js */,
			);
			path = Resources;
			sourceTree = "<group>";
		};
		BAFACCD13006AD9700771E11 /* Pulse Extension */ = {
			isa = PBXGroup;
			children = (
				BAFACCDE3006AD9700771E11 /* Resources */,
				BAFACCD23006AD9700771E11 /* SafariWebExtensionHandler.swift */,
				BAFACCD43006AD9700771E11 /* Info.plist */,
			);
			path = "Pulse Extension";
			sourceTree = "<group>";
		};
		BAFACCDE3006AD9700771E11 /* Resources */ = {
			isa = PBXGroup;
			children = (
				BAFACCDF3006AD9700771E11 /* index.html */,
				BAPULSE033006AD9700771E11 /* app.js */,
				BAPULSE043006AD9700771E11 /* app.css */,
				BAPULSE093006AD9700771E11 /* icons */,
				BAFACCE03006AD9700771E11 /* manifest.json */,
			);
			name = Resources;
			path = "Pulse Extension";
			sourceTree = SOURCE_ROOT;
		};
/* End PBXGroup section */

/* Begin PBXNativeTarget section */
		BAFACCB13006AD9500771E11 /* Pulse */ = {
			isa = PBXNativeTarget;
			buildConfigurationList = BAFACCDB3006AD9700771E11 /* Build configuration list for PBXNativeTarget "Pulse" */;
			buildPhases = (
				BAFACCAE3006AD9500771E11 /* Sources */,
				BAFACCAF3006AD9500771E11 /* Frameworks */,
				BAFACCB03006AD9500771E11 /* Resources */,
				BAFACCDA3006AD9700771E11 /* Embed Foundation Extensions */,
			);
			buildRules = (
			);
			dependencies = (
				BAFACCD03006AD9700771E11 /* PBXTargetDependency */,
			);
			name = Pulse;
			productName = Pulse;
			productReference = BAFACCB23006AD9500771E11 /* Pulse.app */;
			productType = "com.apple.product-type.application";
		};
		BAFACCCC3006AD9700771E11 /* Pulse Extension */ = {
			isa = PBXNativeTarget;
			buildConfigurationList = BAFACCD73006AD9700771E11 /* Build configuration list for PBXNativeTarget "Pulse Extension" */;
			buildPhases = (
				BAFACCC93006AD9700771E11 /* Sources */,
				BAFACCCA3006AD9700771E11 /* Frameworks */,
				BAFACCCB3006AD9700771E11 /* Resources */,
			);
			buildRules = (
			);
			name = "Pulse Extension";
			productName = "Pulse Extension";
			productReference = BAFACCCD3006AD9700771E11 /* Pulse Extension.appex */;
			productType = "com.apple.product-type.app-extension";
		};
/* End PBXNativeTarget section */

/* Begin PBXProject section */
		BAFACCAA3006AD9500771E11 /* Project object */ = {
			isa = PBXProject;
			attributes = {
				BuildIndependentTargetsInParallel = 1;
				LastSwiftUpdateCheck = 2700;
				LastUpgradeCheck = 2700;
				TargetAttributes = {
					BAFACCB13006AD9500771E11 = {
						CreatedOnToolsVersion = 27.0;
					};
					BAFACCCC3006AD9700771E11 = {
						CreatedOnToolsVersion = 27.0;
					};
				};
			};
			buildConfigurationList = BAFACCAD3006AD9500771E11 /* Build configuration list for PBXProject "Pulse" */;
			developmentRegion = en;
			hasScannedForEncodings = 0;
			knownRegions = (
				en,
				Base,
			);
			mainGroup = BAFACCA93006AD9500771E11;
			minimizedProjectReferenceProxies = 1;
			preferredProjectObjectVersion = 77;
			productRefGroup = BAFACCB33006AD9500771E11 /* Products */;
			projectDirPath = "";
			projectRoot = "";
			targets = (
				BAFACCB13006AD9500771E11 /* Pulse */,
				BAFACCCC3006AD9700771E11 /* Pulse Extension */,
			);
		};
/* End PBXProject section */

/* Begin PBXResourcesBuildPhase section */
		BAFACCB03006AD9500771E11 /* Resources */ = {
			isa = PBXResourcesBuildPhase;
			files = (
				BAFACCBC3006AD9500771E11 /* Icon.png in Resources */,
				BAFACCC53006AD9500771E11 /* Main.storyboard in Resources */,
				BAFACCC03006AD9500771E11 /* Script.js in Resources */,
				BAFACCBA3006AD9500771E11 /* Main.html in Resources */,
				BAFACCC73006AD9600771E11 /* Assets.xcassets in Resources */,
				BAFACCBE3006AD9500771E11 /* Style.css in Resources */,
			);
		};
		BAFACCCB3006AD9700771E11 /* Resources */ = {
			isa = PBXResourcesBuildPhase;
			files = (
				BAFACCE23006AD9700771E11 /* manifest.json in Resources */,
				BAFACCE13006AD9700771E11 /* index.html in Resources */,
				BAPULSE013006AD9700771E11 /* app.js in Resources */,
				BAPULSE023006AD9700771E11 /* app.css in Resources */,
				BAPULSE053006AD9700771E11 /* icons in Resources */,
			);
		};
/* End PBXResourcesBuildPhase section */

/* Begin PBXSourcesBuildPhase section */
		BAFACCAE3006AD9500771E11 /* Sources */ = {
			isa = PBXSourcesBuildPhase;
			files = (
				BAFACCC23006AD9500771E11 /* ViewController.swift in Sources */,
				BAFACCB63006AD9500771E11 /* AppDelegate.swift in Sources */,
			);
		};
		BAFACCC93006AD9700771E11 /* Sources */ = {
			isa = PBXSourcesBuildPhase;
			files = (
				BAFACCD33006AD9700771E11 /* SafariWebExtensionHandler.swift in Sources */,
			);
		};
/* End PBXSourcesBuildPhase section */

/* Begin PBXTargetDependency section */
		BAFACCD03006AD9700771E11 /* PBXTargetDependency */ = {
			isa = PBXTargetDependency;
			target = BAFACCCC3006AD9700771E11 /* Pulse Extension */;
			targetProxy = BAFACCCF3006AD9700771E11 /* PBXContainerItemProxy */;
		};
/* End PBXTargetDependency section */

/* Begin PBXVariantGroup section */
		BAFACCB83006AD9500771E11 /* Main.html */ = {
			isa = PBXVariantGroup;
			children = (
				BAFACCB93006AD9500771E11 /* Base */,
			);
			name = Main.html;
			sourceTree = "<group>";
		};
		BAFACCC33006AD9500771E11 /* Main.storyboard */ = {
			isa = PBXVariantGroup;
			children = (
				BAFACCC43006AD9500771E11 /* Base */,
			);
			name = Main.storyboard;
			sourceTree = "<group>";
		};
/* End PBXVariantGroup section */

/* Begin XCBuildConfiguration section */
		BAFACCD53006AD9700771E11 /* Debug configuration for PBXProject "Pulse" */ = {
			isa = XCBuildConfiguration;
			buildSettings = {
				ALWAYS_SEARCH_USER_PATHS = NO;
				ASSETCATALOG_COMPILER_GENERATE_SWIFT_ASSET_SYMBOL_EXTENSIONS = YES;
				CLANG_ANALYZER_NONNULL = YES;
				CLANG_ANALYZER_NUMBER_OBJECT_CONVERSION = YES_AGGRESSIVE;
				CLANG_CXX_LANGUAGE_STANDARD = "gnu++20";
				CLANG_ENABLE_MODULES = YES;
				CLANG_ENABLE_OBJC_ARC = YES;
				CLANG_ENABLE_OBJC_WEAK = YES;
				CLANG_WARN_BLOCK_CAPTURE_AUTORELEASING = YES;
				CLANG_WARN_BOOL_CONVERSION = YES;
				CLANG_WARN_COMMA = YES;
				CLANG_WARN_CONSTANT_CONVERSION = YES;
				CLANG_WARN_DEPRECATED_OBJC_IMPLEMENTATIONS = YES;
				CLANG_WARN_DIRECT_OBJC_ISA_USAGE = YES_ERROR;
				CLANG_WARN_DOCUMENTATION_COMMENTS = YES;
				CLANG_WARN_EMPTY_BODY = YES;
				CLANG_WARN_ENUM_CONVERSION = YES;
				CLANG_WARN_INFINITE_RECURSION = YES;
				CLANG_WARN_INT_CONVERSION = YES;
				CLANG_WARN_NON_LITERAL_NULL_CONVERSION = YES;
				CLANG_WARN_OBJC_IMPLICIT_RETAIN_SELF = YES;
				CLANG_WARN_OBJC_LITERAL_CONVERSION = YES;
				CLANG_WARN_OBJC_ROOT_CLASS = YES_ERROR;
				CLANG_WARN_QUOTED_INCLUDE_IN_FRAMEWORK_HEADER = YES;
				CLANG_WARN_RANGE_LOOP_ANALYSIS = YES;
				CLANG_WARN_STRICT_PROTOTYPES = YES;
				CLANG_WARN_SUSPICIOUS_MOVE = YES;
				CLANG_WARN_UNGUARDED_AVAILABILITY = YES_AGGRESSIVE;
				CLANG_WARN_UNREACHABLE_CODE = YES;
				CLANG_WARN__DUPLICATE_METHOD_MATCH = YES;
				COPY_PHASE_STRIP = NO;
				DEBUG_INFORMATION_FORMAT = dwarf;
				ENABLE_STRICT_OBJC_MSGSEND = YES;
				ENABLE_TESTABILITY = YES;
				ENABLE_USER_SCRIPT_SANDBOXING = YES;
				GCC_C_LANGUAGE_STANDARD = gnu17;
				GCC_DYNAMIC_NO_PIC = NO;
				GCC_NO_COMMON_BLOCKS = YES;
				GCC_OPTIMIZATION_LEVEL = 0;
				GCC_PREPROCESSOR_DEFINITIONS = (
					"DEBUG=1",
					"$(inherited)",
				);
				GCC_WARN_64_TO_32_BIT_CONVERSION = YES;
				GCC_WARN_ABOUT_RETURN_TYPE = YES_ERROR;
				GCC_WARN_UNDECLARED_SELECTOR = YES;
				GCC_WARN_UNINITIALIZED_AUTOS = YES_AGGRESSIVE;
				GCC_WARN_UNUSED_FUNCTION = YES;
				GCC_WARN_UNUSED_VARIABLE = YES;
				LOCALIZATION_PREFERS_STRING_CATALOGS = YES;
				MACOSX_DEPLOYMENT_TARGET = 27.0;
				MTL_ENABLE_DEBUG_INFO = INCLUDE_SOURCE;
				MTL_FAST_MATH = YES;
				ONLY_ACTIVE_ARCH = YES;
				SDKROOT = macosx;
				SWIFT_ACTIVE_COMPILATION_CONDITIONS = "DEBUG $(inherited)";
				SWIFT_OPTIMIZATION_LEVEL = "-Onone";
			};
			name = Debug;
		};
		BAFACCD63006AD9700771E11 /* Release configuration for PBXProject "Pulse" */ = {
			isa = XCBuildConfiguration;
			buildSettings = {
				ALWAYS_SEARCH_USER_PATHS = NO;
				ASSETCATALOG_COMPILER_GENERATE_SWIFT_ASSET_SYMBOL_EXTENSIONS = YES;
				CLANG_ANALYZER_NONNULL = YES;
				CLANG_ANALYZER_NUMBER_OBJECT_CONVERSION = YES_AGGRESSIVE;
				CLANG_CXX_LANGUAGE_STANDARD = "gnu++20";
				CLANG_ENABLE_MODULES = YES;
				CLANG_ENABLE_OBJC_ARC = YES;
				CLANG_ENABLE_OBJC_WEAK = YES;
				CLANG_WARN_BLOCK_CAPTURE_AUTORELEASING = YES;
				CLANG_WARN_BOOL_CONVERSION = YES;
				CLANG_WARN_COMMA = YES;
				CLANG_WARN_CONSTANT_CONVERSION = YES;
				CLANG_WARN_DEPRECATED_OBJC_IMPLEMENTATIONS = YES;
				CLANG_WARN_DIRECT_OBJC_ISA_USAGE = YES_ERROR;
				CLANG_WARN_DOCUMENTATION_COMMENTS = YES;
				CLANG_WARN_EMPTY_BODY = YES;
				CLANG_WARN_ENUM_CONVERSION = YES;
				CLANG_WARN_INFINITE_RECURSION = YES;
				CLANG_WARN_INT_CONVERSION = YES;
				CLANG_WARN_NON_LITERAL_NULL_CONVERSION = YES;
				CLANG_WARN_OBJC_IMPLICIT_RETAIN_SELF = YES;
				CLANG_WARN_OBJC_LITERAL_CONVERSION = YES;
				CLANG_WARN_OBJC_ROOT_CLASS = YES_ERROR;
				CLANG_WARN_QUOTED_INCLUDE_IN_FRAMEWORK_HEADER = YES;
				CLANG_WARN_RANGE_LOOP_ANALYSIS = YES;
				CLANG_WARN_STRICT_PROTOTYPES = YES;
				CLANG_WARN_SUSPICIOUS_MOVE = YES;
				CLANG_WARN_UNGUARDED_AVAILABILITY = YES_AGGRESSIVE;
				CLANG_WARN_UNREACHABLE_CODE = YES;
				CLANG_WARN__DUPLICATE_METHOD_MATCH = YES;
				COPY_PHASE_STRIP = NO;
				DEBUG_INFORMATION_FORMAT = "dwarf-with-dsym";
				ENABLE_NS_ASSERTIONS = NO;
				ENABLE_STRICT_OBJC_MSGSEND = YES;
				ENABLE_USER_SCRIPT_SANDBOXING = YES;
				GCC_C_LANGUAGE_STANDARD = gnu17;
				GCC_NO_COMMON_BLOCKS = YES;
				GCC_WARN_64_TO_32_BIT_CONVERSION = YES;
				GCC_WARN_ABOUT_RETURN_TYPE = YES_ERROR;
				GCC_WARN_UNDECLARED_SELECTOR = YES;
				GCC_WARN_UNINITIALIZED_AUTOS = YES_AGGRESSIVE;
				GCC_WARN_UNUSED_FUNCTION = YES;
				GCC_WARN_UNUSED_VARIABLE = YES;
				LOCALIZATION_PREFERS_STRING_CATALOGS = YES;
				MACOSX_DEPLOYMENT_TARGET = 27.0;
				MTL_ENABLE_DEBUG_INFO = NO;
				MTL_FAST_MATH = YES;
				SDKROOT = macosx;
				SWIFT_COMPILATION_MODE = wholemodule;
			};
			name = Release;
		};
		BAFACCD83006AD9700771E11 /* Debug configuration for PBXNativeTarget "Pulse Extension" */ = {
			isa = XCBuildConfiguration;
			buildSettings = {
				CODE_SIGN_ENTITLEMENTS = "Pulse Extension/Pulse Extension.entitlements";
				CODE_SIGN_STYLE = Automatic;
				CURRENT_PROJECT_VERSION = 1;
				ENABLE_APP_SANDBOX = YES;
				ENABLE_HARDENED_RUNTIME = YES;
				ENABLE_OUTGOING_NETWORK_CONNECTIONS = YES;
				ENABLE_USER_SELECTED_FILES = readonly;
				GENERATE_INFOPLIST_FILE = YES;
				INFOPLIST_FILE = "Pulse Extension/Info.plist";
				INFOPLIST_KEY_CFBundleDisplayName = "Pulse Extension";
				INFOPLIST_KEY_NSHumanReadableCopyright = "";
				LD_RUNPATH_SEARCH_PATHS = (
					"$(inherited)",
					"@executable_path/../Frameworks",
					"@executable_path/../../../../Frameworks",
				);
				MACOSX_DEPLOYMENT_TARGET = 12.0;
				MARKETING_VERSION = 1.0;
				OTHER_LDFLAGS = (
					"-framework",
					SafariServices,
				);
				PRODUCT_BUNDLE_IDENTIFIER = com.henry.Pulse.Extension;
				PRODUCT_NAME = "$(TARGET_NAME)";
				SKIP_INSTALL = YES;
				STRING_CATALOG_GENERATE_SYMBOLS = YES;
				SWIFT_APPROACHABLE_CONCURRENCY = YES;
				SWIFT_EMIT_LOC_STRINGS = YES;
				SWIFT_UPCOMING_FEATURE_MEMBER_IMPORT_VISIBILITY = YES;
				SWIFT_VERSION = 5.0;
			};
			name = Debug;
		};
		BAFACCD93006AD9700771E11 /* Release configuration for PBXNativeTarget "Pulse Extension" */ = {
			isa = XCBuildConfiguration;
			buildSettings = {
				CODE_SIGN_ENTITLEMENTS = "Pulse Extension/Pulse Extension.entitlements";
				CODE_SIGN_STYLE = Automatic;
				CURRENT_PROJECT_VERSION = 1;
				ENABLE_APP_SANDBOX = YES;
				ENABLE_HARDENED_RUNTIME = YES;
				ENABLE_OUTGOING_NETWORK_CONNECTIONS = YES;
				ENABLE_USER_SELECTED_FILES = readonly;
				GENERATE_INFOPLIST_FILE = YES;
				INFOPLIST_FILE = "Pulse Extension/Info.plist";
				INFOPLIST_KEY_CFBundleDisplayName = "Pulse Extension";
				INFOPLIST_KEY_NSHumanReadableCopyright = "";
				LD_RUNPATH_SEARCH_PATHS = (
					"$(inherited)",
					"@executable_path/../Frameworks",
					"@executable_path/../../../../Frameworks",
				);
				MACOSX_DEPLOYMENT_TARGET = 12.0;
				MARKETING_VERSION = 1.0;
				OTHER_LDFLAGS = (
					"-framework",
					SafariServices,
				);
				PRODUCT_BUNDLE_IDENTIFIER = com.henry.Pulse.Extension;
				PRODUCT_NAME = "$(TARGET_NAME)";
				SKIP_INSTALL = YES;
				STRING_CATALOG_GENERATE_SYMBOLS = YES;
				SWIFT_APPROACHABLE_CONCURRENCY = YES;
				SWIFT_EMIT_LOC_STRINGS = YES;
				SWIFT_UPCOMING_FEATURE_MEMBER_IMPORT_VISIBILITY = YES;
				SWIFT_VERSION = 5.0;
			};
			name = Release;
		};
		BAFACCDC3006AD9700771E11 /* Debug configuration for PBXNativeTarget "Pulse" */ = {
			isa = XCBuildConfiguration;
			buildSettings = {
				ASSETCATALOG_COMPILER_APPICON_NAME = AppIcon;
				ASSETCATALOG_COMPILER_GLOBAL_ACCENT_COLOR_NAME = AccentColor;
				CODE_SIGN_ENTITLEMENTS = Pulse/Pulse.entitlements;
				CODE_SIGN_STYLE = Automatic;
				COMBINE_HIDPI_IMAGES = YES;
				CURRENT_PROJECT_VERSION = 1;
				ENABLE_APP_SANDBOX = YES;
				ENABLE_HARDENED_RUNTIME = YES;
				ENABLE_OUTGOING_NETWORK_CONNECTIONS = YES;
				ENABLE_USER_SELECTED_FILES = readonly;
				GENERATE_INFOPLIST_FILE = YES;
				INFOPLIST_FILE = Pulse/Info.plist;
				INFOPLIST_KEY_CFBundleDisplayName = Pulse;
				INFOPLIST_KEY_NSHumanReadableCopyright = "";
				INFOPLIST_KEY_NSMainStoryboardFile = Main;
				INFOPLIST_KEY_NSPrincipalClass = NSApplication;
				LD_RUNPATH_SEARCH_PATHS = (
					"$(inherited)",
					"@executable_path/../Frameworks",
				);
				MACOSX_DEPLOYMENT_TARGET = 12.0;
				MARKETING_VERSION = 1.0;
				OTHER_LDFLAGS = (
					"-framework",
					SafariServices,
					"-framework",
					WebKit,
				);
				PRODUCT_BUNDLE_IDENTIFIER = com.henry.Pulse;
				PRODUCT_NAME = "$(TARGET_NAME)";
				REGISTER_APP_GROUPS = YES;
				STRING_CATALOG_GENERATE_SYMBOLS = YES;
				SWIFT_APPROACHABLE_CONCURRENCY = YES;
				SWIFT_DEFAULT_ACTOR_ISOLATION = MainActor;
				SWIFT_EMIT_LOC_STRINGS = YES;
				SWIFT_UPCOMING_FEATURE_MEMBER_IMPORT_VISIBILITY = YES;
				SWIFT_VERSION = 5.0;
			};
			name = Debug;
		};
		BAFACCDD3006AD9700771E11 /* Release configuration for PBXNativeTarget "Pulse" */ = {
			isa = XCBuildConfiguration;
			buildSettings = {
				ASSETCATALOG_COMPILER_APPICON_NAME = AppIcon;
				ASSETCATALOG_COMPILER_GLOBAL_ACCENT_COLOR_NAME = AccentColor;
				CODE_SIGN_ENTITLEMENTS = Pulse/Pulse.entitlements;
				CODE_SIGN_STYLE = Automatic;
				COMBINE_HIDPI_IMAGES = YES;
				CURRENT_PROJECT_VERSION = 1;
				ENABLE_APP_SANDBOX = YES;
				ENABLE_HARDENED_RUNTIME = YES;
				ENABLE_OUTGOING_NETWORK_CONNECTIONS = YES;
				ENABLE_USER_SELECTED_FILES = readonly;
				GENERATE_INFOPLIST_FILE = YES;
				INFOPLIST_FILE = Pulse/Info.plist;
				INFOPLIST_KEY_CFBundleDisplayName = Pulse;
				INFOPLIST_KEY_NSHumanReadableCopyright = "";
				INFOPLIST_KEY_NSMainStoryboardFile = Main;
				INFOPLIST_KEY_NSPrincipalClass = NSApplication;
				LD_RUNPATH_SEARCH_PATHS = (
					"$(inherited)",
					"@executable_path/../Frameworks",
				);
				MACOSX_DEPLOYMENT_TARGET = 12.0;
				MARKETING_VERSION = 1.0;
				OTHER_LDFLAGS = (
					"-framework",
					SafariServices,
					"-framework",
					WebKit,
				);
				PRODUCT_BUNDLE_IDENTIFIER = com.henry.Pulse;
				PRODUCT_NAME = "$(TARGET_NAME)";
				REGISTER_APP_GROUPS = YES;
				STRING_CATALOG_GENERATE_SYMBOLS = YES;
				SWIFT_APPROACHABLE_CONCURRENCY = YES;
				SWIFT_DEFAULT_ACTOR_ISOLATION = MainActor;
				SWIFT_EMIT_LOC_STRINGS = YES;
				SWIFT_UPCOMING_FEATURE_MEMBER_IMPORT_VISIBILITY = YES;
				SWIFT_VERSION = 5.0;
			};
			name = Release;
		};
/* End XCBuildConfiguration section */

/* Begin XCConfigurationList section */
		BAFACCAD3006AD9500771E11 /* Build configuration list for PBXProject "Pulse" */ = {
			isa = XCConfigurationList;
			buildConfigurations = (
				BAFACCD53006AD9700771E11 /* Debug configuration for PBXProject "Pulse" */,
				BAFACCD63006AD9700771E11 /* Release configuration for PBXProject "Pulse" */,
			);
			defaultConfigurationName = Release;
		};
		BAFACCD73006AD9700771E11 /* Build configuration list for PBXNativeTarget "Pulse Extension" */ = {
			isa = XCConfigurationList;
			buildConfigurations = (
				BAFACCD83006AD9700771E11 /* Debug configuration for PBXNativeTarget "Pulse Extension" */,
				BAFACCD93006AD9700771E11 /* Release configuration for PBXNativeTarget "Pulse Extension" */,
			);
			defaultConfigurationName = Release;
		};
		BAFACCDB3006AD9700771E11 /* Build configuration list for PBXNativeTarget "Pulse" */ = {
			isa = XCConfigurationList;
			buildConfigurations = (
				BAFACCDC3006AD9700771E11 /* Debug configuration for PBXNativeTarget "Pulse" */,
				BAFACCDD3006AD9700771E11 /* Release configuration for PBXNativeTarget "Pulse" */,
			);
			defaultConfigurationName = Release;
		};
/* End XCConfigurationList section */
	};
	rootObject = BAFACCAA3006AD9500771E11 /* Project object */;
	validationLevel = 1;
}
